{
  "name": "MovieSearchApp",
  "lockfileVersion": 3,
  "requires": true,
  "packages": {
    "": {
      "dependencies": {
        "appwrite": "^19.0.0"
      }
    },
    "node_modules/appwrite": {
      "version": "19.0.0",
      "resolved": "https://registry.npmjs.org/appwrite/-/appwrite-19.0.0.tgz",
      "integrity": "sha512-guamzST6Fvn/lvuBMLJGzJGL+N+o313j53qyfKM1ZHfcDd1ADnSONgm9DZihRFYBaWtU7s1bwkphkBJWSUwurQ==",
      "license": "BSD-3-Clause"
    }
  }
}
